
Microsoft Visual Studio Solution File, Format Version 12.00
# Visual Studio Version 16
VisualStudioVersion = 16.0.30621.155
MinimumVisualStudioVersion = 10.0.40219.1
Project("{FAE04EC0-301F-11D3-BF4B-00C04F79EFBC}") = "openports", "openports\openports.csproj", "{30410AAE-2722-493A-8D2E-1404C779DB5B}"
EndProject
Global
	GlobalSection(SolutionConfigurationPlatforms) = preSolution
		Debug|Any CPU = Debug|Any CPU
		Release|Any CPU = Release|Any CPU
	EndGlobalSection
	GlobalSection(ProjectConfigurationPlatforms) = postSolution
		{30410AAE-2722-493A-8D2E-1404C779DB5B}.Debug|Any CPU.ActiveCfg = Debug|Any CPU
		{30410AAE-2722-493A-8D2E-1404C779DB5B}.Debug|Any CPU.Build.0 = Debug|Any CPU
		{30410AAE-2722-493A-8D2E-1404C779DB5B}.Release|Any CPU.ActiveCfg = Release|Any CPU
		{30410AAE-2722-493A-8D2E-1404C779DB5B}.Release|Any CPU.Build.0 = Release|Any CPU
	EndGlobalSection
	GlobalSection(SolutionProperties) = preSolution
		HideSolutionNode = FALSE
	EndGlobalSection
	GlobalSection(ExtensibilityGlobals) = postSolution
		SolutionGuid = {77F1E03B-8A07-45B1-BF3E-9821060EECCC}
	EndGlobalSection
EndGlobal
